// !$*UTF8*$!
{
	archiveVersion = 1;
	classes = {
	};
	objectVersion = 56;
	objects = {

/* Begin PBXBuildFile section */
		6B0075C32996736100570E5E /* swiftFirstStepApp.swift in Sources */ = {isa = PBXBuildFile; fileRef = 6B0075C22996736100570E5E /* swiftFirstStepApp.swift */; };
		6B0075C52996736100570E5E /* ContentView.swift in Sources */ = {isa = PBXBuildFile; fileRef = 6B0075C42996736100570E5E /* ContentView.swift */; };
		6B0075C72996736300570E5E /* Assets.xcassets in Resources */ = {isa = PBXBuildFile; fileRef = 6B0075C62996736300570E5E /* Assets.xcassets */; };
		6B0075CB2996736300570E5E /* Preview Assets.xcassets in Resources */ = {isa = PBXBuildFile; fileRef = 6B0075CA2996736300570E5E /* Preview Assets.xcassets */; };
		6B0075D52996736300570E5E /* swiftFirstStepTests.swift in Sources */ = {isa = PBXBuildFile; fileRef = 6B0075D42996736300570E5E /* swiftFirstStepTests.swift */; };
		6B0075DF2996736300570E5E /* swiftFirstStepUITests.swift in Sources */ = {isa = PBXBuildFile; fileRef = 6B0075DE2996736300570E5E /* swiftFirstStepUITests.swift */; };
		6B0075E12996736300570E5E /* swiftFirstStepUITestsLaunchTests.swift in Sources */ = {isa = PBXBuildFile; fileRef = 6B0075E02996736300570E5E /* swiftFirstStepUITestsLaunchTests.swift */; };
/* End PBXBuildFile section */

/* Begin PBXContainerItemProxy section */
		6B0075D12996736300570E5E /* PBXContainerItemProxy */ = {
			isa = PBXContainerItemProxy;
			containerPortal = 6B0075B72996736100570E5E /* Project object */;
			proxyType = 1;
			remoteGlobalIDString = 6B0075BE2996736100570E5E;
			remoteInfo = swiftFirstStep;
		};
		6B0075DB2996736300570E5E /* PBXContainerItemProxy */ = {
			isa = PBXContainerItemProxy;
			containerPortal = 6B0075B72996736100570E5E /* Project object */;
			proxyType = 1;
			remoteGlobalIDString = 6B0075BE2996736100570E5E;
			remoteInfo = swiftFirstStep;
		};
/* End PBXContainerItemProxy section */

/* Begin PBXFileReference section */
		6B0075BF2996736100570E5E /* swiftFirstStep.app */ = {isa = PBXFileReference; explicitFileType = wrapper.application; includeInIndex = 0; path = swiftFirstStep.app; sourceTree = BUILT_PRODUCTS_DIR; };
		6B0075C22996736100570E5E /* swiftFirstStepApp.swift */ = {isa = PBXFileReference; lastKnownFileType = sourcecode.swift; path = swiftFirstStepApp.swift; sourceTree = "<group>"; };
		6B0075C42996736100570E5E /* ContentView.swift */ = {isa = PBXFileReference; lastKnownFileType = sourcecode.swift; path = ContentView.swift; sourceTree = "<group>"; };
		6B0075C62996736300570E5E /* Assets.xcassets */ = {isa = PBXFileReference; lastKnownFileType = folder.assetcatalog; path = Assets.xcassets; sourceTree = "<group>"; };
		6B0075C82996736300570E5E /* swiftFirstStep.entitlements */ = {isa = PBXFileReference; lastKnownFileType = text.plist.entitlements; path = swiftFirstStep.entitlements; sourceTree = "<group>"; };
		6B0075CA2996736300570E5E /* Preview Assets.xcassets */ = {isa = PBXFileReference; lastKnownFileType = folder.assetcatalog; path = "Preview Assets.xcassets"; sourceTree = "<group>"; };
		6B0075D02996736300570E5E /* swiftFirstStepTests.xctest */ = {isa = PBXFileReference; explicitFileType = wrapper.cfbundle; includeInIndex = 0; path = swiftFirstStepTests.xctest; sourceTree = BUILT_PRODUCTS_DIR; };
		6B0075D42996736300570E5E /* swiftFirstStepTests.swift */ = {isa = PBXFileReference; lastKnownFileType = sourcecode.swift; path = swiftFirstStepTests.swift; sourceTree = "<group>"; };
		6B0075DA2996736300570E5E /* swiftFirstStepUITests.xctest */ = {isa = PBXFileReference; explicitFileType = wrapper.cfbundle; includeInIndex = 0; path = swiftFirstStepUITests.xctest; sourceTree = BUILT_PRODUCTS_DIR; };
		6B0075DE2996736300570E5E /* swiftFirstStepUITests.swift */ = {isa = PBXFileReference; lastKnownFileType = sourcecode.swift; path = swiftFirstStepUITests.swift; sourceTree = "<group>"; };
		6B0075E02996736300570E5E /* swiftFirstStepUITestsLaunchTests.swift */ = {isa = PBXFileReference; lastKnownFileType = sourcecode.swift; path = swiftFirstStepUITestsLaunchTests.swift; sourceTree = "<group>"; };
/* End PBXFileReference section */

/* Begin PBXFrameworksBuildPhase section */
		6B0075BC2996736100570E5E /* Frameworks */ = {
			isa = PBXFrameworksBuildPhase;
			buildActionMask = 2147483647;
			files = (
			);
			runOnlyForDeploymentPostprocessing = 0;
		};
		6B0075CD2996736300570E5E /* Frameworks */ = {
			isa = PBXFrameworksBuildPhase;
			buildActionMask = 2147483647;
			files = (
			);
			runOnlyForDeploymentPostprocessing = 0;
		};
		6B0075D72996736300570E5E /* Frameworks */ = {
			isa = PBXFrameworksBuildPhase;
			buildActionMask = 2147483647;
			files = (
			);
			runOnlyForDeploymentPostprocessing = 0;
		};
/* End PBXFrameworksBuildPhase section */

/* Begin PBXGroup section */
		6B0075B62996736100570E5E = {
			isa = PBXGroup;
			children = (
				6B0075C12996736100570E5E /* swiftFirstStep */,
				6B0075D32996736300570E5E /* swiftFirstStepTests */,
				6B0075DD2996736300570E5E /* swiftFirstStepUITests */,
				6B0075C02996736100570E5E /* Products */,
			);
			sourceTree = "<group>";
		};
		6B0075C02996736100570E5E /* Products */ = {
			isa = PBXGroup;
			children = (
				6B0075BF2996736100570E5E /* swiftFirstStep.app */,
				6B0075D02996736300570E5E /* swiftFirstStepTests.xctest */,
				6B0075DA2996736300570E5E /* swiftFirstStepUITests.xctest */,
			);
			name = Products;
			sourceTree = "<group>";
		};
		6B0075C12996736100570E5E /* swiftFirstStep */ = {
			isa = PBXGroup;
			children = (
				6B0075C22996736100570E5E /* swiftFirstStepApp.swift */,
				6B0075C42996736100570E5E /* ContentView.swift */,
				6B0075C62996736300570E5E /* Assets.xcassets */,
				6B0075C82996736300570E5E /* swiftFirstStep.entitlements */,
				6B0075C92996736300570E5E /* Preview Content */,
			);
			path = swiftFirstStep;
			sourceTree = "<group>";
		};
		6B0075C92996736300570E5E /* Preview Content */ = {
			isa = PBXGroup;
			children = (
				6B0075CA2996736300570E5E /* Preview Assets.xcassets */,
			);
			path = "Preview Content";
			sourceTree = "<group>";
		};
		6B0075D32996736300570E5E /* swiftFirstStepTests */ = {
			isa = PBXGroup;
			children = (
				6B0075D42996736300570E5E /* swiftFirstStepTests.swift */,
			);
			path = swiftFirstStepTests;
			sourceTree = "<group>";
		};
		6B0075DD2996736300570E5E /* swiftFirstStepUITests */ = {
			isa = PBXGroup;
			children = (
				6B0075DE2996736300570E5E /* swiftFirstStepUITests.swift */,
				6B0075E02996736300570E5E /* swiftFirstStepUITestsLaunchTests.swift */,
			);
			path = swiftFirstStepUITests;
			sourceTree = "<group>";
		};
/* End PBXGroup section */

/* Begin PBXNativeTarget section */
		6B0075BE2996736100570E5E /* swiftFirstStep */ = {
			isa = PBXNativeTarget;
			buildConfigurationList = 6B0075E42996736300570E5E /* Build configuration list for PBXNativeTarget "swiftFirstStep" */;
			buildPhases = (
				6B0075BB2996736100570E5E /* Sources */,
				6B0075BC2996736100570E5E /* Frameworks */,
				6B0075BD2996736100570E5E /* Resources */,
			);
			buildRules = (
			);
			dependencies = (
			);
			name = swiftFirstStep;
			productName = swiftFirstStep;
			productReference = 6B0075BF2996736100570E5E /* swiftFirstStep.app */;
			productType = "com.apple.product-type.application";
		};
		6B0075CF2996736300570E5E /* swiftFirstStepTests */ = {
			isa = PBXNativeTarget;
			buildConfigurationList = 6B0075E72996736300570E5E /* Build configuration list for PBXNativeTarget "swiftFirstStepTests" */;
			buildPhases = (
				6B0075CC2996736300570E5E /* Sources */,
				6B0075CD2996736300570E5E /* Frameworks */,
				6B0075CE2996736300570E5E /* Resources */,
			);
			buildRules = (
			);
			dependencies = (
				6B0075D22996736300570E5E /* PBXTargetDependency */,
			);
			name = swiftFirstStepTests;
			productName = swiftFirstStepTests;
			productReference = 6B0075D02996736300570E5E /* swiftFirstStepTests.xctest */;
			productType = "com.apple.product-type.bundle.unit-test";
		};
		6B0075D92996736300570E5E /* swiftFirstStepUITests */ = {
			isa = PBXNativeTarget;
			buildConfigurationList = 6B0075EA2996736300570E5E /* Build configuration list for PBXNativeTarget "swiftFirstStepUITests" */;
			buildPhases = (
				6B0075D62996736300570E5E /* Sources */,
				6B0075D72996736300570E5E /* Frameworks */,
				6B0075D82996736300570E5E /* Resources */,
			);
			buildRules = (
			);
			dependencies = (
				6B0075DC2996736300570E5E /* PBXTargetDependency */,
			);
			name = swiftFirstStepUITests;
			productName = swiftFirstStepUITests;
			productReference = 6B0075DA2996736300570E5E /* swiftFirstStepUITests.xctest */;
			productType = "com.apple.product-type.bundle.ui-testing";
		};
/* End PBXNativeTarget section */

/* Begin PBXProject section */
		6B0075B72996736100570E5E /* Project object */ = {
			isa = PBXProject;
			attributes = {
				BuildIndependentTargetsInParallel = 1;
				LastSwiftUpdateCheck = 1420;
				LastUpgradeCheck = 1420;
				TargetAttributes = {
					6B0075BE2996736100570E5E = {
						CreatedOnToolsVersion = 14.2;
					};
					6B0075CF2996736300570E5E = {
						CreatedOnToolsVersion = 14.2;
						TestTargetID = 6B0075BE2996736100570E5E;
					};
					6B0075D92996736300570E5E = {
						CreatedOnToolsVersion = 14.2;
						TestTargetID = 6B0075BE2996736100570E5E;
					};
				};
			};
			buildConfigurationList = 6B0075BA2996736100570E5E /* Build configuration list for PBXProject "swiftFirstStep" */;
			compatibilityVersion = "Xcode 14.0";
			developmentRegion = en;
			hasScannedForEncodings = 0;
			knownRegions = (
				en,
				Base,
			);
			mainGroup = 6B0075B62996736100570E5E;
			productRefGroup = 6B0075C02996736100570E5E /* Products */;
			projectDirPath = "";
			projectRoot = "";
			targets = (
				6B0075BE2996736100570E5E /* swiftFirstStep */,
				6B0075CF2996736300570E5E /* swiftFirstStepTests */,
				6B0075D92996736300570E5E /* swiftFirstStepUITests */,
			);
		};
/* End PBXProject section */

/* Begin PBXResourcesBuildPhase section */
		6B0075BD2996736100570E5E /* Resources */ = {
			isa = PBXResourcesBuildPhase;
			buildActionMask = 2147483647;
			files = (
				6B0075CB2996736300570E5E /* Preview Assets.xcassets in Resources */,
				6B0075C72996736300570E5E /* Assets.xcassets in Resources */,
			);
			runOnlyForDeploymentPostprocessing = 0;
		};
		6B0075CE2996736300570E5E /* Resources */ = {
			isa = PBXResourcesBuildPhase;
			buildActionMask = 2147483647;
			files = (
			);
			runOnlyForDeploymentPostprocessing = 0;
		};
		6B0075D82996736300570E5E /* Resources */ = {
			isa = PBXResourcesBuildPhase;
			buildActionMask = 2147483647;
			files = (
			);
			runOnlyForDeploymentPostprocessing = 0;
		};
/* End PBXResourcesBuildPhase section */

/* Begin PBXSourcesBuildPhase section */
		6B0075BB2996736100570E5E /* Sources */ = {
			isa = PBXSourcesBuildPhase;
			buildActionMask = 2147483647;
			files = (
				6B0075C52996736100570E5E /* ContentView.swift in Sources */,
				6B0075C32996736100570E5E /* swiftFirstStepApp.swift in Sources */,
			);
			runOnlyForDeploymentPostprocessing = 0;
		};
		6B0075CC2996736300570E5E /* Sources */ = {
			isa = PBXSourcesBuildPhase;
			buildActionMask = 2147483647;
			files = (
				6B0075D52996736300570E5E /* swiftFirstStepTests.swift in Sources */,
			);
			runOnlyForDeploymentPostprocessing = 0;
		};
		6B0075D62996736300570E5E /* Sources */ = {
			isa = PBXSourcesBuildPhase;
			buildActionMask = 2147483647;
			files = (
				6B0075DF2996736300570E5E /* swiftFirstStepUITests.swift in Sources */,
				6B0075E12996736300570E5E /* swiftFirstStepUITestsLaunchTests.swift in Sources */,
			);
			runOnlyForDeploymentPostprocessing = 0;
		};
/* End PBXSourcesBuildPhase section */

/* Begin PBXTargetDependency section */
		6B0075D22996736300570E5E /* PBXTargetDependency */ = {
			isa = PBXTargetDependency;
			target = 6B0075BE2996736100570E5E /* swiftFirstStep */;
			targetProxy = 6B0075D12996736300570E5E /* PBXContainerItemProxy */;
		};
		6B0075DC2996736300570E5E /* PBXTargetDependency */ = {
			isa = PBXTargetDependency;
			target = 6B0075BE2996736100570E5E /* swiftFirstStep */;
			targetProxy = 6B0075DB2996736300570E5E /* PBXContainerItemProxy */;
		};
/* End PBXTargetDependency section */

/* Begin XCBuildConfiguration section */
		6B0075E22996736300570E5E /* Debug */ = {
			isa = XCBuildConfiguration;
			buildSettings = {
				ALWAYS_SEARCH_USER_PATHS = NO;
				CLANG_ANALYZER_NONNULL = YES;
				CLANG_ANALYZER_NUMBER_OBJECT_CONVERSION = YES_AGGRESSIVE;
				CLANG_CXX_LANGUAGE_STANDARD = "gnu++20";
				CLANG_ENABLE_MODULES = YES;
				CLANG_ENABLE_OBJC_ARC = YES;
				CLANG_ENABLE_OBJC_WEAK = YES;
				CLANG_WARN_BLOCK_CAPTURE_AUTORELEASING = YES;
				CLANG_WARN_BOOL_CONVERSION = YES;
				CLANG_WARN_COMMA = YES;
				CLANG_WARN_CONSTANT_CONVERSION = YES;
				CLANG_WARN_DEPRECATED_OBJC_IMPLEMENTATIONS = YES;
				CLANG_WARN_DIRECT_OBJC_ISA_USAGE = YES_ERROR;
				CLANG_WARN_DOCUMENTATION_COMMENTS = YES;
				CLANG_WARN_EMPTY_BODY = YES;
				CLANG_WARN_ENUM_CONVERSION = YES;
				CLANG_WARN_INFINITE_RECURSION = YES;
				CLANG_WARN_INT_CONVERSION = YES;
				CLANG_WARN_NON_LITERAL_NULL_CONVERSION = YES;
				CLANG_WARN_OBJC_IMPLICIT_RETAIN_SELF = YES;
				CLANG_WARN_OBJC_LITERAL_CONVERSION = YES;
				CLANG_WARN_OBJC_ROOT_CLASS = YES_ERROR;
				CLANG_WARN_QUOTED_INCLUDE_IN_FRAMEWORK_HEADER = YES;
				CLANG_WARN_RANGE_LOOP_ANALYSIS = YES;
				CLANG_WARN_STRICT_PROTOTYPES = YES;
				CLANG_WARN_SUSPICIOUS_MOVE = YES;
				CLANG_WARN_UNGUARDED_AVAILABILITY = YES_AGGRESSIVE;
				CLANG_WARN_UNREACHABLE_CODE = YES;
				CLANG_WARN__DUPLICATE_METHOD_MATCH = YES;
				COPY_PHASE_STRIP = NO;
				DEBUG_INFORMATION_FORMAT = dwarf;
				ENABLE_STRICT_OBJC_MSGSEND = YES;
				ENABLE_TESTABILITY = YES;
				GCC_C_LANGUAGE_STANDARD = gnu11;
				GCC_DYNAMIC_NO_PIC = NO;
				GCC_NO_COMMON_BLOCKS = YES;
				GCC_OPTIMIZATION_LEVEL = 0;
				GCC_PREPROCESSOR_DEFINITIONS = (
					"DEBUG=1",
					"$(inherited)",
				);
				GCC_WARN_64_TO_32_BIT_CONVERSION = YES;
				GCC_WARN_ABOUT_RETURN_TYPE = YES_ERROR;
				GCC_WARN_UNDECLARED_SELECTOR = YES;
				GCC_WARN_UNINITIALIZED_AUTOS = YES_AGGRESSIVE;
				GCC_WARN_UNUSED_FUNCTION = YES;
				GCC_WARN_UNUSED_VARIABLE = YES;
				MTL_ENABLE_DEBUG_INFO = INCLUDE_SOURCE;
				MTL_FAST_MATH = YES;
				ONLY_ACTIVE_ARCH = YES;
				SWIFT_ACTIVE_COMPILATION_CONDITIONS = DEBUG;
				SWIFT_OPTIMIZATION_LEVEL = "-Onone";
			};
			name = Debug;
		};
		6B0075E32996736300570E5E /* Release */ = {
			isa = XCBuildConfiguration;
			buildSettings = {
				ALWAYS_SEARCH_USER_PATHS = NO;
				CLANG_ANALYZER_NONNULL = YES;
				CLANG_ANALYZER_NUMBER_OBJECT_CONVERSION = YES_AGGRESSIVE;
				CLANG_CXX_LANGUAGE_STANDARD = "gnu++20";
				CLANG_ENABLE_MODULES = YES;
				CLANG_ENABLE_OBJC_ARC = YES;
				CLANG_ENABLE_OBJC_WEAK = YES;
				CLANG_WARN_BLOCK_CAPTURE_AUTORELEASING = YES;
				CLANG_WARN_BOOL_CONVERSION = YES;
				CLANG_WARN_COMMA = YES;
				CLANG_WARN_CONSTANT_CONVERSION = YES;
				CLANG_WARN_DEPRECATED_OBJC_IMPLEMENTATIONS = YES;
				CLANG_WARN_DIRECT_OBJC_ISA_USAGE = YES_ERROR;
				CLANG_WARN_DOCUMENTATION_COMMENTS = YES;
				CLANG_WARN_EMPTY_BODY = YES;
				CLANG_WARN_ENUM_CONVERSION = YES;
				CLANG_WARN_INFINITE_RECURSION = YES;
				CLANG_WARN_INT_CONVERSION = YES;
				CLANG_WARN_NON_LITERAL_NULL_CONVERSION = YES;
				CLANG_WARN_OBJC_IMPLICIT_RETAIN_SELF = YES;
				CLANG_WARN_OBJC_LITERAL_CONVERSION = YES;
				CLANG_WARN_OBJC_ROOT_CLASS = YES_ERROR;
				CLANG_WARN_QUOTED_INCLUDE_IN_FRAMEWORK_HEADER = YES;
				CLANG_WARN_RANGE_LOOP_ANALYSIS = YES;
				CLANG_WARN_STRICT_PROTOTYPES = YES;
				CLANG_WARN_SUSPICIOUS_MOVE = YES;
				CLANG_WARN_UNGUARDED_AVAILABILITY = YES_AGGRESSIVE;
				CLANG_WARN_UNREACHABLE_CODE = YES;
				CLANG_WARN__DUPLICATE_METHOD_MATCH = YES;
				COPY_PHASE_STRIP = NO;
				DEBUG_INFORMATION_FORMAT = "dwarf-with-dsym";
				ENABLE_NS_ASSERTIONS = NO;
				ENABLE_STRICT_OBJC_MSGSEND = YES;
				GCC_C_LANGUAGE_STANDARD = gnu11;
				GCC_NO_COMMON_BLOCKS = YES;
				GCC_WARN_64_TO_32_BIT_CONVERSION = YES;
				GCC_WARN_ABOUT_RETURN_TYPE = YES_ERROR;
				GCC_WARN_UNDECLARED_SELECTOR = YES;
				GCC_WARN_UNINITIALIZED_AUTOS = YES_AGGRESSIVE;
				GCC_WARN_UNUSED_FUNCTION = YES;
				GCC_WARN_UNUSED_VARIABLE = YES;
				MTL_ENABLE_DEBUG_INFO = NO;
				MTL_FAST_MATH = YES;
				SWIFT_COMPILATION_MODE = wholemodule;
				SWIFT_OPTIMIZATION_LEVEL = "-O";
			};
			name = Release;
		};
		6B0075E52996736300570E5E /* Debug */ = {
			isa = XCBuildConfiguration;
			buildSettings = {
				ASSETCATALOG_COMPILER_APPICON_NAME = AppIcon;
				ASSETCATALOG_COMPILER_GLOBAL_ACCENT_COLOR_NAME = AccentColor;
				CODE_SIGN_ENTITLEMENTS = swiftFirstStep/swiftFirstStep.entitlements;
				CODE_SIGN_STYLE = Automatic;
				CURRENT_PROJECT_VERSION = 1;
				DEVELOPMENT_ASSET_PATHS = "\"swiftFirstStep/Preview Content\"";
				DEVELOPMENT_TEAM = G2WJKMZQA3;
				ENABLE_HARDENED_RUNTIME = YES;
				ENABLE_PREVIEWS = YES;
				GENERATE_INFOPLIST_FILE = YES;
				"INFOPLIST_KEY_UIApplicationSceneManifest_Generation[sdk=iphoneos*]" = YES;
				"INFOPLIST_KEY_UIApplicationSceneManifest_Generation[sdk=iphonesimulator*]" = YES;
				"INFOPLIST_KEY_UIApplicationSupportsIndirectInputEvents[sdk=iphoneos*]" = YES;
				"INFOPLIST_KEY_UIApplicationSupportsIndirectInputEvents[sdk=iphonesimulator*]" = YES;
				"INFOPLIST_KEY_UILaunchScreen_Generation[sdk=iphoneos*]" = YES;
				"INFOPLIST_KEY_UILaunchScreen_Generation[sdk=iphonesimulator*]" = YES;
				"INFOPLIST_KEY_UIStatusBarStyle[sdk=iphoneos*]" = UIStatusBarStyleDefault;
				"INFOPLIST_KEY_UIStatusBarStyle[sdk=iphonesimulator*]" = UIStatusBarStyleDefault;
				INFOPLIST_KEY_UISupportedInterfaceOrientations_iPad = "UIInterfaceOrientationPortrait UIInterfaceOrientationPortraitUpsideDown UIInterfaceOrientationLandscapeLeft UIInterfaceOrientationLandscapeRight";
				INFOPLIST_KEY_UISupportedInterfaceOrientations_iPhone = "UIInterfaceOrientationPortrait UIInterfaceOrientationLandscapeLeft UIInterfaceOrientationLandscapeRight";
				IPHONEOS_DEPLOYMENT_TARGET = 16.2;
				LD_RUNPATH_SEARCH_PATHS = "@executable_path/Frameworks";
				"LD_RUNPATH_SEARCH_PATHS[sdk=macosx*]" = "@executable_path/../Frameworks";
				MACOSX_DEPLOYMENT_TARGET = 13.1;
				MARKETING_VERSION = 1.0;
				PRODUCT_BUNDLE_IDENTIFIER = com.moocsoft.swiftFirstStep;
				PRODUCT_NAME = "$(TARGET_NAME)";
				SDKROOT = auto;
				SUPPORTED_PLATFORMS = "iphoneos iphonesimulator macosx";
				SWIFT_EMIT_LOC_STRINGS = YES;
				SWIFT_VERSION = 5.0;
				TARGETED_DEVICE_FAMILY = "1,2";
			};
			name = Debug;
		};
		6B0075E62996736300570E5E /* Release */ = {
			isa = XCBuildConfiguration;
			buildSettings = {
				ASSETCATALOG_COMPILER_APPICON_NAME = AppIcon;
				ASSETCATALOG_COMPILER_GLOBAL_ACCENT_COLOR_NAME = AccentColor;
				CODE_SIGN_ENTITLEMENTS = swiftFirstStep/swiftFirstStep.entitlements;
				CODE_SIGN_STYLE = Automatic;
				CURRENT_PROJECT_VERSION = 1;
				DEVELOPMENT_ASSET_PATHS = "\"swiftFirstStep/Preview Content\"";
				DEVELOPMENT_TEAM = G2WJKMZQA3;
				ENABLE_HARDENED_RUNTIME = YES;
				ENABLE_PREVIEWS = YES;
				GENERATE_INFOPLIST_FILE = YES;
				"INFOPLIST_KEY_UIApplicationSceneManifest_Generation[sdk=iphoneos*]" = YES;
				"INFOPLIST_KEY_UIApplicationSceneManifest_Generation[sdk=iphonesimulator*]" = YES;
				"INFOPLIST_KEY_UIApplicationSupportsIndirectInputEvents[sdk=iphoneos*]" = YES;
				"INFOPLIST_KEY_UIApplicationSupportsIndirectInputEvents[sdk=iphonesimulator*]" = YES;
				"INFOPLIST_KEY_UILaunchScreen_Generation[sdk=iphoneos*]" = YES;
				"INFOPLIST_KEY_UILaunchScreen_Generation[sdk=iphonesimulator*]" = YES;
				"INFOPLIST_KEY_UIStatusBarStyle[sdk=iphoneos*]" = UIStatusBarStyleDefault;
				"INFOPLIST_KEY_UIStatusBarStyle[sdk=iphonesimulator*]" = UIStatusBarStyleDefault;
				INFOPLIST_KEY_UISupportedInterfaceOrientations_iPad = "UIInterfaceOrientationPortrait UIInterfaceOrientationPortraitUpsideDown UIInterfaceOrientationLandscapeLeft UIInterfaceOrientationLandscapeRight";
				INFOPLIST_KEY_UISupportedInterfaceOrientations_iPhone = "UIInterfaceOrientationPortrait UIInterfaceOrientationLandscapeLeft UIInterfaceOrientationLandscapeRight";
				IPHONEOS_DEPLOYMENT_TARGET = 16.2;
				LD_RUNPATH_SEARCH_PATHS = "@executable_path/Frameworks";
				"LD_RUNPATH_SEARCH_PATHS[sdk=macosx*]" = "@executable_path/../Frameworks";
				MACOSX_DEPLOYMENT_TARGET = 13.1;
				MARKETING_VERSION = 1.0;
				PRODUCT_BUNDLE_IDENTIFIER = com.moocsoft.swiftFirstStep;
				PRODUCT_NAME = "$(TARGET_NAME)";
				SDKROOT = auto;
				SUPPORTED_PLATFORMS = "iphoneos iphonesimulator macosx";
				SWIFT_EMIT_LOC_STRINGS = YES;
				SWIFT_VERSION = 5.0;
				TARGETED_DEVICE_FAMILY = "1,2";
			};
			name = Release;
		};
		6B0075E82996736300570E5E /* Debug */ = {
			isa = XCBuildConfiguration;
			buildSettings = {
				ALWAYS_EMBED_SWIFT_STANDARD_LIBRARIES = YES;
				BUNDLE_LOADER = "$(TEST_HOST)";
				CODE_SIGN_STYLE = Automatic;
				CURRENT_PROJECT_VERSION = 1;
				DEVELOPMENT_TEAM = G2WJKMZQA3;
				GENERATE_INFOPLIST_FILE = YES;
				IPHONEOS_DEPLOYMENT_TARGET = 16.2;
				MACOSX_DEPLOYMENT_TARGET = 13.1;
				MARKETING_VERSION = 1.0;
				PRODUCT_BUNDLE_IDENTIFIER = com.moocsoft.swiftFirstStepTests;
				PRODUCT_NAME = "$(TARGET_NAME)";
				SDKROOT = auto;
				SUPPORTED_PLATFORMS = "iphoneos iphonesimulator macosx";
				SWIFT_EMIT_LOC_STRINGS = NO;
				SWIFT_VERSION = 5.0;
				TARGETED_DEVICE_FAMILY = "1,2";
				TEST_HOST = "$(BUILT_PRODUCTS_DIR)/swiftFirstStep.app/$(BUNDLE_EXECUTABLE_FOLDER_PATH)/swiftFirstStep";
			};
			name = Debug;
		};
		6B0075E92996736300570E5E /* Release */ = {
			isa = XCBuildConfiguration;
			buildSettings = {
				ALWAYS_EMBED_SWIFT_STANDARD_LIBRARIES = YES;
				BUNDLE_LOADER = "$(TEST_HOST)";
				CODE_SIGN_STYLE = Automatic;
				CURRENT_PROJECT_VERSION = 1;
				DEVELOPMENT_TEAM = G2WJKMZQA3;
				GENERATE_INFOPLIST_FILE = YES;
				IPHONEOS_DEPLOYMENT_TARGET = 16.2;
				MACOSX_DEPLOYMENT_TARGET = 13.1;
				MARKETING_VERSION = 1.0;
				PRODUCT_BUNDLE_IDENTIFIER = com.moocsoft.swiftFirstStepTests;
				PRODUCT_NAME = "$(TARGET_NAME)";
				SDKROOT = auto;
				SUPPORTED_PLATFORMS = "iphoneos iphonesimulator macosx";
				SWIFT_EMIT_LOC_STRINGS = NO;
				SWIFT_VERSION = 5.0;
				TARGETED_DEVICE_FAMILY = "1,2";
				TEST_HOST = "$(BUILT_PRODUCTS_DIR)/swiftFirstStep.app/$(BUNDLE_EXECUTABLE_FOLDER_PATH)/swiftFirstStep";
			};
			name = Release;
		};
		6B0075EB2996736300570E5E /* Debug */ = {
			isa = XCBuildConfiguration;
			buildSettings = {
				ALWAYS_EMBED_SWIFT_STANDARD_LIBRARIES = YES;
				CODE_SIGN_STYLE = Automatic;
				CURRENT_PROJECT_VERSION = 1;
				DEVELOPMENT_TEAM = G2WJKMZQA3;
				GENERATE_INFOPLIST_FILE = YES;
				IPHONEOS_DEPLOYMENT_TARGET = 16.2;
				MACOSX_DEPLOYMENT_TARGET = 13.1;
				MARKETING_VERSION = 1.0;
				PRODUCT_BUNDLE_IDENTIFIER = com.moocsoft.swiftFirstStepUITests;
				PRODUCT_NAME = "$(TARGET_NAME)";
				SDKROOT = auto;
				SUPPORTED_PLATFORMS = "iphoneos iphonesimulator macosx";
				SWIFT_EMIT_LOC_STRINGS = NO;
				SWIFT_VERSION = 5.0;
				TARGETED_DEVICE_FAMILY = "1,2";
				TEST_TARGET_NAME = swiftFirstStep;
			};
			name = Debug;
		};
		6B0075EC2996736300570E5E /* Release */ = {
			isa = XCBuildConfiguration;
			buildSettings = {
				ALWAYS_EMBED_SWIFT_STANDARD_LIBRARIES = YES;
				CODE_SIGN_STYLE = Automatic;
				CURRENT_PROJECT_VERSION = 1;
				DEVELOPMENT_TEAM = G2WJKMZQA3;
				GENERATE_INFOPLIST_FILE = YES;
				IPHONEOS_DEPLOYMENT_TARGET = 16.2;
				MACOSX_DEPLOYMENT_TARGET = 13.1;
				MARKETING_VERSION = 1.0;
				PRODUCT_BUNDLE_IDENTIFIER = com.moocsoft.swiftFirstStepUITests;
				PRODUCT_NAME = "$(TARGET_NAME)";
				SDKROOT = auto;
				SUPPORTED_PLATFORMS = "iphoneos iphonesimulator macosx";
				SWIFT_EMIT_LOC_STRINGS = NO;
				SWIFT_VERSION = 5.0;
				TARGETED_DEVICE_FAMILY = "1,2";
				TEST_TARGET_NAME = swiftFirstStep;
			};
			name = Release;
		};
/* End XCBuildConfiguration section */

/* Begin XCConfigurationList section */
		6B0075BA2996736100570E5E /* Build configuration list for PBXProject "swiftFirstStep" */ = {
			isa = XCConfigurationList;
			buildConfigurations = (
				6B0075E22996736300570E5E /* Debug */,
				6B0075E32996736300570E5E /* Release */,
			);
			defaultConfigurationIsVisible = 0;
			defaultConfigurationName = Release;
		};
		6B0075E42996736300570E5E /* Build configuration list for PBXNativeTarget "swiftFirstStep" */ = {
			isa = XCConfigurationList;
			buildConfigurations = (
				6B0075E52996736300570E5E /* Debug */,
				6B0075E62996736300570E5E /* Release */,
			);
			defaultConfigurationIsVisible = 0;
			defaultConfigurationName = Release;
		};
		6B0075E72996736300570E5E /* Build configuration list for PBXNativeTarget "swiftFirstStepTests" */ = {
			isa = XCConfigurationList;
			buildConfigurations = (
				6B0075E82996736300570E5E /* Debug */,
				6B0075E92996736300570E5E /* Release */,
			);
			defaultConfigurationIsVisible = 0;
			defaultConfigurationName = Release;
		};
		6B0075EA2996736300570E5E /* Build configuration list for PBXNativeTarget "swiftFirstStepUITests" */ = {
			isa = XCConfigurationList;
			buildConfigurations = (
				6B0075EB2996736300570E5E /* Debug */,
				6B0075EC2996736300570E5E /* Release */,
			);
			defaultConfigurationIsVisible = 0;
			defaultConfigurationName = Release;
		};
/* End XCConfigurationList section */
	};
	rootObject = 6B0075B72996736100570E5E /* Project object */;
}
